
Microsoft Visual Studio Solution File, Format Version 12.00
# Visual Studio Version 16
VisualStudioVersion = 16.0.31025.194
MinimumVisualStudioVersion = 10.0.40219.1
Project("{FAE04EC0-301F-11D3-BF4B-00C04F79EFBC}") = "TaxiObject", "TaxiObject\TaxiObject.csproj", "{AD71A835-D739-4AE3-88F9-87BDE2DA5B69}"
EndProject
Global
	GlobalSection(SolutionConfigurationPlatforms) = preSolution
		Debug|Any CPU = Debug|Any CPU
		Release|Any CPU = Release|Any CPU
	EndGlobalSection
	GlobalSection(ProjectConfigurationPlatforms) = postSolution
		{AD71A835-D739-4AE3-88F9-87BDE2DA5B69}.Debug|Any CPU.ActiveCfg = Debug|Any CPU
		{AD71A835-D739-4AE3-88F9-87BDE2DA5B69}.Debug|Any CPU.Build.0 = Debug|Any CPU
		{AD71A835-D739-4AE3-88F9-87BDE2DA5B69}.Release|Any CPU.ActiveCfg = Release|Any CPU
		{AD71A835-D739-4AE3-88F9-87BDE2DA5B69}.Release|Any CPU.Build.0 = Release|Any CPU
	EndGlobalSection
	GlobalSection(SolutionProperties) = preSolution
		HideSolutionNode = FALSE
	EndGlobalSection
	GlobalSection(ExtensibilityGlobals) = postSolution
		SolutionGuid = {1DB45B5B-8A69-4807-B410-6CAC15D5CB19}
	EndGlobalSection
EndGlobal
